
Microsoft Visual Studio Solution File, Format Version 12.00
# Visual Studio Version 16
VisualStudioVersion = 16.0.31702.278
MinimumVisualStudioVersion = 10.0.40219.1
Project("{FAE04EC0-301F-11D3-BF4B-00C04F79EFBC}") = "ShapesSampleApp", "ShapesSampleApp\ShapesSampleApp.csproj", "{E21AC36F-D7C8-4B2E-8173-6D2AD1E5727E}"
EndProject
Project("{FAE04EC0-301F-11D3-BF4B-00C04F79EFBC}") = "ShapesSampleAppLibrary", "ShapesSampleAppLibrary\ShapesSampleAppLibrary.csproj", "{821D651D-CAF9-4C61-9009-1ADC64ED65FA}"
EndProject
Project("{FAE04EC0-301F-11D3-BF4B-00C04F79EFBC}") = "ShapesSampleAppTests", "ShapesSampleAppTests\ShapesSampleAppTests.csproj", "{64EE607C-06E5-4D35-857A-A2F156DB987D}"
EndProject
Project("{FAE04EC0-301F-11D3-BF4B-00C04F79EFBC}") = "ShapesSampleApp.xUnitTests", "ShapesSampleApp.xUnitTests\ShapesSampleApp.xUnitTests.csproj", "{7F34EFF1-E66C-4742-A65F-DD3325C3D33E}"
EndProject
Global
	GlobalSection(SolutionConfigurationPlatforms) = preSolution
		Debug|Any CPU = Debug|Any CPU
		Release|Any CPU = Release|Any CPU
	EndGlobalSection
	GlobalSection(ProjectConfigurationPlatforms) = postSolution
		{E21AC36F-D7C8-4B2E-8173-6D2AD1E5727E}.Debug|Any CPU.ActiveCfg = Debug|Any CPU
		{E21AC36F-D7C8-4B2E-8173-6D2AD1E5727E}.Debug|Any CPU.Build.0 = Debug|Any CPU
		{E21AC36F-D7C8-4B2E-8173-6D2AD1E5727E}.Release|Any CPU.ActiveCfg = Release|Any CPU
		{E21AC36F-D7C8-4B2E-8173-6D2AD1E5727E}.Release|Any CPU.Build.0 = Release|Any CPU
		{821D651D-CAF9-4C61-9009-1ADC64ED65FA}.Debug|Any CPU.ActiveCfg = Debug|Any CPU
		{821D651D-CAF9-4C61-9009-1ADC64ED65FA}.Debug|Any CPU.Build.0 = Debug|Any CPU
		{821D651D-CAF9-4C61-9009-1ADC64ED65FA}.Release|Any CPU.ActiveCfg = Release|Any CPU
		{821D651D-CAF9-4C61-9009-1ADC64ED65FA}.Release|Any CPU.Build.0 = Release|Any CPU
		{64EE607C-06E5-4D35-857A-A2F156DB987D}.Debug|Any CPU.ActiveCfg = Debug|Any CPU
		{64EE607C-06E5-4D35-857A-A2F156DB987D}.Debug|Any CPU.Build.0 = Debug|Any CPU
		{64EE607C-06E5-4D35-857A-A2F156DB987D}.Release|Any CPU.ActiveCfg = Release|Any CPU
		{64EE607C-06E5-4D35-857A-A2F156DB987D}.Release|Any CPU.Build.0 = Release|Any CPU
		{7F34EFF1-E66C-4742-A65F-DD3325C3D33E}.Debug|Any CPU.ActiveCfg = Debug|Any CPU
		{7F34EFF1-E66C-4742-A65F-DD3325C3D33E}.Debug|Any CPU.Build.0 = Debug|Any CPU
		{7F34EFF1-E66C-4742-A65F-DD3325C3D33E}.Release|Any CPU.ActiveCfg = Release|Any CPU
		{7F34EFF1-E66C-4742-A65F-DD3325C3D33E}.Release|Any CPU.Build.0 = Release|Any CPU
	EndGlobalSection
	GlobalSection(SolutionProperties) = preSolution
		HideSolutionNode = FALSE
	EndGlobalSection
	GlobalSection(ExtensibilityGlobals) = postSolution
		SolutionGuid = {0A3740EA-5213-4C43-9985-93294B025C2F}
	EndGlobalSection
EndGlobal
